// !$*UTF8*$!
{
	archiveVersion = 1;
	classes = {
	};
	objectVersion = 46;
	objects = {

/* Begin PBXBuildFile section */
		4AAE19861D8D9A35009EDF9F /* DWGrowingTextView.swift in Sources */ = {isa = PBXBuildFile; fileRef = 4AAE19851D8D9A35009EDF9F /* DWGrowingTextView.swift */; };
		782BE3311D8E38F5005AF7AB /* CGRect+.swift in Sources */ = {isa = PBXBuildFile; fileRef = 782BE3301D8E38F5005AF7AB /* CGRect+.swift */; };
		782FFD231D868722001C03A5 /* DWPathView.swift in Sources */ = {isa = PBXBuildFile; fileRef = 782FFD221D868722001C03A5 /* DWPathView.swift */; };
		787C36661D8FAA0200898550 /* DWNotificationManager.swift in Sources */ = {isa = PBXBuildFile; fileRef = 787C36651D8FAA0200898550 /* DWNotificationManager.swift */; };
		789233CF1D87975E00C2F608 /* DWView.swift in Sources */ = {isa = PBXBuildFile; fileRef = 789233CE1D87975E00C2F608 /* DWView.swift */; };
		789233D91D87BFD600C2F608 /* DWPathLayer.swift in Sources */ = {isa = PBXBuildFile; fileRef = 789233D81D87BFD600C2F608 /* DWPathLayer.swift */; };
		789233DD1D87D46600C2F608 /* DWNodeFrameManager.swift in Sources */ = {isa = PBXBuildFile; fileRef = 789233DC1D87D46600C2F608 /* DWNodeFrameManager.swift */; };
		78DBC8671D8F718A00342C31 /* DWArchiveView.swift in Sources */ = {isa = PBXBuildFile; fileRef = 78DBC8661D8F718A00342C31 /* DWArchiveView.swift */; };
		78E0F11B1D62CB6400B42D75 /* AppDelegate.swift in Sources */ = {isa = PBXBuildFile; fileRef = 78E0F11A1D62CB6400B42D75 /* AppDelegate.swift */; };
		78E0F11D1D62CB6400B42D75 /* ViewController.swift in Sources */ = {isa = PBXBuildFile; fileRef = 78E0F11C1D62CB6400B42D75 /* ViewController.swift */; };
		78E0F1201D62CB6500B42D75 /* Main.storyboard in Resources */ = {isa = PBXBuildFile; fileRef = 78E0F11E1D62CB6500B42D75 /* Main.storyboard */; };
		78E0F1221D62CB6500B42D75 /* Assets.xcassets in Resources */ = {isa = PBXBuildFile; fileRef = 78E0F1211D62CB6500B42D75 /* Assets.xcassets */; };
		78E0F1251D62CB6500B42D75 /* LaunchScreen.storyboard in Resources */ = {isa = PBXBuildFile; fileRef = 78E0F1231D62CB6500B42D75 /* LaunchScreen.storyboard */; };
		78FA9DC41D828B89007503C2 /* DWNodeView.swift in Sources */ = {isa = PBXBuildFile; fileRef = 78FA9DC31D828B89007503C2 /* DWNodeView.swift */; };
		78FAF0A71D8920A100590798 /* reveal.png in Resources */ = {isa = PBXBuildFile; fileRef = 78FAF0A61D8920A100590798 /* reveal.png */; };
		78FAF0AB1D8931CC00590798 /* UIColor+.swift in Sources */ = {isa = PBXBuildFile; fileRef = 78FAF0AA1D8931CC00590798 /* UIColor+.swift */; };
		DAA484838FF575872A92291E /* Pods_SingerView.framework in Frameworks */ = {isa = PBXBuildFile; fileRef = 4E23F1CEC9036246B1636241 /* Pods_SingerView.framework */; };
/* End PBXBuildFile section */

/* Begin PBXCopyFilesBuildPhase section */
		7817BA0F1D7995A40003D368 /* Embed App Extensions */ = {
			isa = PBXCopyFilesBuildPhase;
			buildActionMask = 2147483647;
			dstPath = "";
			dstSubfolderSpec = 13;
			files = (
			);
			name = "Embed App Extensions";
			runOnlyForDeploymentPostprocessing = 0;
		};
		7872FD0D1D6BE1110083195B /* Embed Frameworks */ = {
			isa = PBXCopyFilesBuildPhase;
			buildActionMask = 2147483647;
			dstPath = "";
			dstSubfolderSpec = 10;
			files = (
			);
			name = "Embed Frameworks";
			runOnlyForDeploymentPostprocessing = 0;
		};
/* End PBXCopyFilesBuildPhase section */

/* Begin PBXFileReference section */
		21972A35C71346ACC739E62D /* Pods-SingerView.debug.xcconfig */ = {isa = PBXFileReference; includeInIndex = 1; lastKnownFileType = text.xcconfig; name = "Pods-SingerView.debug.xcconfig"; path = "Pods/Target Support Files/Pods-SingerView/Pods-SingerView.debug.xcconfig"; sourceTree = "<group>"; };
		4AAE19851D8D9A35009EDF9F /* DWGrowingTextView.swift */ = {isa = PBXFileReference; fileEncoding = 4; lastKnownFileType = sourcecode.swift; path = DWGrowingTextView.swift; sourceTree = "<group>"; };
		4E23F1CEC9036246B1636241 /* Pods_SingerView.framework */ = {isa = PBXFileReference; explicitFileType = wrapper.framework; includeInIndex = 0; path = Pods_SingerView.framework; sourceTree = BUILT_PRODUCTS_DIR; };
		578D20BFA164388323BA072E /* Pods-SingerView.release.xcconfig */ = {isa = PBXFileReference; includeInIndex = 1; lastKnownFileType = text.xcconfig; name = "Pods-SingerView.release.xcconfig"; path = "Pods/Target Support Files/Pods-SingerView/Pods-SingerView.release.xcconfig"; sourceTree = "<group>"; };
		782BE3301D8E38F5005AF7AB /* CGRect+.swift */ = {isa = PBXFileReference; fileEncoding = 4; lastKnownFileType = sourcecode.swift; path = "CGRect+.swift"; sourceTree = "<group>"; };
		782FFD221D868722001C03A5 /* DWPathView.swift */ = {isa = PBXFileReference; fileEncoding = 4; lastKnownFileType = sourcecode.swift; path = DWPathView.swift; sourceTree = "<group>"; };
		787C36651D8FAA0200898550 /* DWNotificationManager.swift */ = {isa = PBXFileReference; fileEncoding = 4; lastKnownFileType = sourcecode.swift; path = DWNotificationManager.swift; sourceTree = "<group>"; };
		7883E6BE1D75214C00F2E51D /* Bridge.h */ = {isa = PBXFileReference; lastKnownFileType = sourcecode.c.h; path = Bridge.h; sourceTree = "<group>"; };
		789233CE1D87975E00C2F608 /* DWView.swift */ = {isa = PBXFileReference; fileEncoding = 4; lastKnownFileType = sourcecode.swift; path = DWView.swift; sourceTree = "<group>"; };
		789233D81D87BFD600C2F608 /* DWPathLayer.swift */ = {isa = PBXFileReference; fileEncoding = 4; lastKnownFileType = sourcecode.swift; path = DWPathLayer.swift; sourceTree = "<group>"; };
		789233DC1D87D46600C2F608 /* DWNodeFrameManager.swift */ = {isa = PBXFileReference; fileEncoding = 4; lastKnownFileType = sourcecode.swift; path = DWNodeFrameManager.swift; sourceTree = "<group>"; };
		78DBC8661D8F718A00342C31 /* DWArchiveView.swift */ = {isa = PBXFileReference; fileEncoding = 4; lastKnownFileType = sourcecode.swift; path = DWArchiveView.swift; sourceTree = "<group>"; };
		78E0F1171D62CB6400B42D75 /* SingerView.app */ = {isa = PBXFileReference; explicitFileType = wrapper.application; includeInIndex = 0; path = SingerView.app; sourceTree = BUILT_PRODUCTS_DIR; };
		78E0F11A1D62CB6400B42D75 /* AppDelegate.swift */ = {isa = PBXFileReference; lastKnownFileType = sourcecode.swift; path = AppDelegate.swift; sourceTree = "<group>"; };
		78E0F11C1D62CB6400B42D75 /* ViewController.swift */ = {isa = PBXFileReference; lastKnownFileType = sourcecode.swift; path = ViewController.swift; sourceTree = "<group>"; };
		78E0F11F1D62CB6500B42D75 /* Base */ = {isa = PBXFileReference; lastKnownFileType = file.storyboard; name = Base; path = Base.lproj/Main.storyboard; sourceTree = "<group>"; };
		78E0F1211D62CB6500B42D75 /* Assets.xcassets */ = {isa = PBXFileReference; lastKnownFileType = folder.assetcatalog; path = Assets.xcassets; sourceTree = "<group>"; };
		78E0F1241D62CB6500B42D75 /* Base */ = {isa = PBXFileReference; lastKnownFileType = file.storyboard; name = Base; path = Base.lproj/LaunchScreen.storyboard; sourceTree = "<group>"; };
		78E0F1261D62CB6500B42D75 /* Info.plist */ = {isa = PBXFileReference; lastKnownFileType = text.plist.xml; path = Info.plist; sourceTree = "<group>"; };
		78FA9DC31D828B89007503C2 /* DWNodeView.swift */ = {isa = PBXFileReference; fileEncoding = 4; lastKnownFileType = sourcecode.swift; path = DWNodeView.swift; sourceTree = "<group>"; };
		78FAF0A61D8920A100590798 /* reveal.png */ = {isa = PBXFileReference; lastKnownFileType = image.png; path = reveal.png; sourceTree = "<group>"; };
		78FAF0AA1D8931CC00590798 /* UIColor+.swift */ = {isa = PBXFileReference; fileEncoding = 4; lastKnownFileType = sourcecode.swift; path = "UIColor+.swift"; sourceTree = "<group>"; };
/* End PBXFileReference section */

/* Begin PBXFrameworksBuildPhase section */
		78E0F1141D62CB6400B42D75 /* Frameworks */ = {
			isa = PBXFrameworksBuildPhase;
			buildActionMask = 2147483647;
			files = (
				DAA484838FF575872A92291E /* Pods_SingerView.framework in Frameworks */,
			);
			runOnlyForDeploymentPostprocessing = 0;
		};
/* End PBXFrameworksBuildPhase section */

/* Begin PBXGroup section */
		19FFFCC3DF378695215B6075 /* Frameworks */ = {
			isa = PBXGroup;
			children = (
				4E23F1CEC9036246B1636241 /* Pods_SingerView.framework */,
			);
			name = Frameworks;
			sourceTree = "<group>";
		};
		78E0F10E1D62CB6400B42D75 = {
			isa = PBXGroup;
			children = (
				78E0F1191D62CB6400B42D75 /* SingerView */,
				78E0F1181D62CB6400B42D75 /* Products */,
				CA7A79905F8E822DAE997231 /* Pods */,
				19FFFCC3DF378695215B6075 /* Frameworks */,
			);
			sourceTree = "<group>";
		};
		78E0F1181D62CB6400B42D75 /* Products */ = {
			isa = PBXGroup;
			children = (
				78E0F1171D62CB6400B42D75 /* SingerView.app */,
			);
			name = Products;
			sourceTree = "<group>";
		};
		78E0F1191D62CB6400B42D75 /* SingerView */ = {
			isa = PBXGroup;
			children = (
				78E0F11A1D62CB6400B42D75 /* AppDelegate.swift */,
				78E0F11C1D62CB6400B42D75 /* ViewController.swift */,
				4AAE19851D8D9A35009EDF9F /* DWGrowingTextView.swift */,
				78DBC8661D8F718A00342C31 /* DWArchiveView.swift */,
				789233CE1D87975E00C2F608 /* DWView.swift */,
				78FA9DC31D828B89007503C2 /* DWNodeView.swift */,
				789233DC1D87D46600C2F608 /* DWNodeFrameManager.swift */,
				787C36651D8FAA0200898550 /* DWNotificationManager.swift */,
				782FFD221D868722001C03A5 /* DWPathView.swift */,
				789233D81D87BFD600C2F608 /* DWPathLayer.swift */,
				78FAF0AA1D8931CC00590798 /* UIColor+.swift */,
				7883E6BE1D75214C00F2E51D /* Bridge.h */,
				782BE3301D8E38F5005AF7AB /* CGRect+.swift */,
				78E0F11E1D62CB6500B42D75 /* Main.storyboard */,
				78E0F1211D62CB6500B42D75 /* Assets.xcassets */,
				78FAF0A61D8920A100590798 /* reveal.png */,
				78E0F1231D62CB6500B42D75 /* LaunchScreen.storyboard */,
				78E0F1261D62CB6500B42D75 /* Info.plist */,
			);
			path = SingerView;
			sourceTree = "<group>";
		};
		CA7A79905F8E822DAE997231 /* Pods */ = {
			isa = PBXGroup;
			children = (
				21972A35C71346ACC739E62D /* Pods-SingerView.debug.xcconfig */,
				578D20BFA164388323BA072E /* Pods-SingerView.release.xcconfig */,
			);
			name = Pods;
			sourceTree = "<group>";
		};
/* End PBXGroup section */

/* Begin PBXNativeTarget section */
		78E0F1161D62CB6400B42D75 /* SingerView */ = {
			isa = PBXNativeTarget;
			buildConfigurationList = 78E0F1291D62CB6500B42D75 /* Build configuration list for PBXNativeTarget "SingerView" */;
			buildPhases = (
				5E4757C1BC752557A5BC2341 /* [CP] Check Pods Manifest.lock */,
				78E0F1131D62CB6400B42D75 /* Sources */,
				78E0F1141D62CB6400B42D75 /* Frameworks */,
				78E0F1151D62CB6400B42D75 /* Resources */,
				7872FD0D1D6BE1110083195B /* Embed Frameworks */,
				7817BA0F1D7995A40003D368 /* Embed App Extensions */,
				A426E2BF1F057E7DA316F928 /* [CP] Embed Pods Frameworks */,
				0184380F4A6D10AC18ED53B9 /* [CP] Copy Pods Resources */,
			);
			buildRules = (
			);
			dependencies = (
			);
			name = SingerView;
			productName = SingerView;
			productReference = 78E0F1171D62CB6400B42D75 /* SingerView.app */;
			productType = "com.apple.product-type.application";
		};
/* End PBXNativeTarget section */

/* Begin PBXProject section */
		78E0F10F1D62CB6400B42D75 /* Project object */ = {
			isa = PBXProject;
			attributes = {
				LastSwiftUpdateCheck = 0730;
				LastUpgradeCheck = 0730;
				ORGANIZATIONNAME = mangonob;
				TargetAttributes = {
					78E0F1161D62CB6400B42D75 = {
						CreatedOnToolsVersion = 7.3.1;
					};
				};
			};
			buildConfigurationList = 78E0F1121D62CB6400B42D75 /* Build configuration list for PBXProject "SingerView" */;
			compatibilityVersion = "Xcode 3.2";
			developmentRegion = English;
			hasScannedForEncodings = 0;
			knownRegions = (
				en,
				Base,
			);
			mainGroup = 78E0F10E1D62CB6400B42D75;
			productRefGroup = 78E0F1181D62CB6400B42D75 /* Products */;
			projectDirPath = "";
			projectRoot = "";
			targets = (
				78E0F1161D62CB6400B42D75 /* SingerView */,
			);
		};
/* End PBXProject section */

/* Begin PBXResourcesBuildPhase section */
		78E0F1151D62CB6400B42D75 /* Resources */ = {
			isa = PBXResourcesBuildPhase;
			buildActionMask = 2147483647;
			files = (
				78E0F1251D62CB6500B42D75 /* LaunchScreen.storyboard in Resources */,
				78E0F1221D62CB6500B42D75 /* Assets.xcassets in Resources */,
				78E0F1201D62CB6500B42D75 /* Main.storyboard in Resources */,
				78FAF0A71D8920A100590798 /* reveal.png in Resources */,
			);
			runOnlyForDeploymentPostprocessing = 0;
		};
/* End PBXResourcesBuildPhase section */

/* Begin PBXShellScriptBuildPhase section */
		0184380F4A6D10AC18ED53B9 /* [CP] Copy Pods Resources */ = {
			isa = PBXShellScriptBuildPhase;
			buildActionMask = 2147483647;
			files = (
			);
			inputPaths = (
			);
			name = "[CP] Copy Pods Resources";
			outputPaths = (
			);
			runOnlyForDeploymentPostprocessing = 0;
			shellPath = /bin/sh;
			shellScript = "\"${SRCROOT}/Pods/Target Support Files/Pods-SingerView/Pods-SingerView-resources.sh\"\n";
			showEnvVarsInLog = 0;
		};
		5E4757C1BC752557A5BC2341 /* [CP] Check Pods Manifest.lock */ = {
			isa = PBXShellScriptBuildPhase;
			buildActionMask = 2147483647;
			files = (
			);
			inputPaths = (
			);
			name = "[CP] Check Pods Manifest.lock";
			outputPaths = (
			);
			runOnlyForDeploymentPostprocessing = 0;
			shellPath = /bin/sh;
			shellScript = "diff \"${PODS_ROOT}/../Podfile.lock\" \"${PODS_ROOT}/Manifest.lock\" > /dev/null\nif [[ $? != 0 ]] ; then\n    cat << EOM\nerror: The sandbox is not in sync with the Podfile.lock. Run 'pod install' or update your CocoaPods installation.\nEOM\n    exit 1\nfi\n";
			showEnvVarsInLog = 0;
		};
		A426E2BF1F057E7DA316F928 /* [CP] Embed Pods Frameworks */ = {
			isa = PBXShellScriptBuildPhase;
			buildActionMask = 2147483647;
			files = (
			);
			inputPaths = (
			);
			name = "[CP] Embed Pods Frameworks";
			outputPaths = (
			);
			runOnlyForDeploymentPostprocessing = 0;
			shellPath = /bin/sh;
			shellScript = "\"${SRCROOT}/Pods/Target Support Files/Pods-SingerView/Pods-SingerView-frameworks.sh\"\n";
			showEnvVarsInLog = 0;
		};
/* End PBXShellScriptBuildPhase section */

/* Begin PBXSourcesBuildPhase section */
		78E0F1131D62CB6400B42D75 /* Sources */ = {
			isa = PBXSourcesBuildPhase;
			buildActionMask = 2147483647;
			files = (
				78E0F11D1D62CB6400B42D75 /* ViewController.swift in Sources */,
				78E0F11B1D62CB6400B42D75 /* AppDelegate.swift in Sources */,
				782FFD231D868722001C03A5 /* DWPathView.swift in Sources */,
				789233CF1D87975E00C2F608 /* DWView.swift in Sources */,
				78FA9DC41D828B89007503C2 /* DWNodeView.swift in Sources */,
				78DBC8671D8F718A00342C31 /* DWArchiveView.swift in Sources */,
				4AAE19861D8D9A35009EDF9F /* DWGrowingTextView.swift in Sources */,
				787C36661D8FAA0200898550 /* DWNotificationManager.swift in Sources */,
				789233D91D87BFD600C2F608 /* DWPathLayer.swift in Sources */,
				789233DD1D87D46600C2F608 /* DWNodeFrameManager.swift in Sources */,
				78FAF0AB1D8931CC00590798 /* UIColor+.swift in Sources */,
				782BE3311D8E38F5005AF7AB /* CGRect+.swift in Sources */,
			);
			runOnlyForDeploymentPostprocessing = 0;
		};
/* End PBXSourcesBuildPhase section */

/* Begin PBXVariantGroup section */
		78E0F11E1D62CB6500B42D75 /* Main.storyboard */ = {
			isa = PBXVariantGroup;
			children = (
				78E0F11F1D62CB6500B42D75 /* Base */,
			);
			name = Main.storyboard;
			sourceTree = "<group>";
		};
		78E0F1231D62CB6500B42D75 /* LaunchScreen.storyboard */ = {
			isa = PBXVariantGroup;
			children = (
				78E0F1241D62CB6500B42D75 /* Base */,
			);
			name = LaunchScreen.storyboard;
			sourceTree = "<group>";
		};
/* End PBXVariantGroup section */

/* Begin XCBuildConfiguration section */
		78E0F1271D62CB6500B42D75 /* Debug */ = {
			isa = XCBuildConfiguration;
			buildSettings = {
				ALWAYS_SEARCH_USER_PATHS = NO;
				CLANG_ANALYZER_NONNULL = YES;
				CLANG_CXX_LANGUAGE_STANDARD = "gnu++0x";
				CLANG_CXX_LIBRARY = "libc++";
				CLANG_ENABLE_MODULES = YES;
				CLANG_ENABLE_OBJC_ARC = YES;
				CLANG_WARN_BOOL_CONVERSION = YES;
				CLANG_WARN_CONSTANT_CONVERSION = YES;
				CLANG_WARN_DIRECT_OBJC_ISA_USAGE = YES_ERROR;
				CLANG_WARN_EMPTY_BODY = YES;
				CLANG_WARN_ENUM_CONVERSION = YES;
				CLANG_WARN_INT_CONVERSION = YES;
				CLANG_WARN_OBJC_ROOT_CLASS = YES_ERROR;
				CLANG_WARN_UNREACHABLE_CODE = YES;
				CLANG_WARN__DUPLICATE_METHOD_MATCH = YES;
				"CODE_SIGN_IDENTITY[sdk=iphoneos*]" = "iPhone Developer";
				COPY_PHASE_STRIP = NO;
				DEBUG_INFORMATION_FORMAT = dwarf;
				ENABLE_STRICT_OBJC_MSGSEND = YES;
				ENABLE_TESTABILITY = YES;
				GCC_C_LANGUAGE_STANDARD = gnu99;
				GCC_DYNAMIC_NO_PIC = NO;
				GCC_NO_COMMON_BLOCKS = YES;
				GCC_OPTIMIZATION_LEVEL = 0;
				GCC_PREPROCESSOR_DEFINITIONS = (
					"DEBUG=1",
					"$(inherited)",
				);
				GCC_WARN_64_TO_32_BIT_CONVERSION = YES;
				GCC_WARN_ABOUT_RETURN_TYPE = YES_ERROR;
				GCC_WARN_UNDECLARED_SELECTOR = YES;
				GCC_WARN_UNINITIALIZED_AUTOS = YES_AGGRESSIVE;
				GCC_WARN_UNUSED_FUNCTION = YES;
				GCC_WARN_UNUSED_VARIABLE = YES;
				IPHONEOS_DEPLOYMENT_TARGET = 9.3;
				MTL_ENABLE_DEBUG_INFO = YES;
				ONLY_ACTIVE_ARCH = YES;
				SDKROOT = iphoneos;
				SWIFT_OPTIMIZATION_LEVEL = "-Onone";
				TARGETED_DEVICE_FAMILY = "1,2";
			};
			name = Debug;
		};
		78E0F1281D62CB6500B42D75 /* Release */ = {
			isa = XCBuildConfiguration;
			buildSettings = {
				ALWAYS_SEARCH_USER_PATHS = NO;
				CLANG_ANALYZER_NONNULL = YES;
				CLANG_CXX_LANGUAGE_STANDARD = "gnu++0x";
				CLANG_CXX_LIBRARY = "libc++";
				CLANG_ENABLE_MODULES = YES;
				CLANG_ENABLE_OBJC_ARC = YES;
				CLANG_WARN_BOOL_CONVERSION = YES;
				CLANG_WARN_CONSTANT_CONVERSION = YES;
				CLANG_WARN_DIRECT_OBJC_ISA_USAGE = YES_ERROR;
				CLANG_WARN_EMPTY_BODY = YES;
				CLANG_WARN_ENUM_CONVERSION = YES;
				CLANG_WARN_INT_CONVERSION = YES;
				CLANG_WARN_OBJC_ROOT_CLASS = YES_ERROR;
				CLANG_WARN_UNREACHABLE_CODE = YES;
				CLANG_WARN__DUPLICATE_METHOD_MATCH = YES;
				"CODE_SIGN_IDENTITY[sdk=iphoneos*]" = "iPhone Developer";
				COPY_PHASE_STRIP = NO;
				DEBUG_INFORMATION_FORMAT = "dwarf-with-dsym";
				ENABLE_NS_ASSERTIONS = NO;
				ENABLE_STRICT_OBJC_MSGSEND = YES;
				GCC_C_LANGUAGE_STANDARD = gnu99;
				GCC_NO_COMMON_BLOCKS = YES;
				GCC_WARN_64_TO_32_BIT_CONVERSION = YES;
				GCC_WARN_ABOUT_RETURN_TYPE = YES_ERROR;
				GCC_WARN_UNDECLARED_SELECTOR = YES;
				GCC_WARN_UNINITIALIZED_AUTOS = YES_AGGRESSIVE;
				GCC_WARN_UNUSED_FUNCTION = YES;
				GCC_WARN_UNUSED_VARIABLE = YES;
				IPHONEOS_DEPLOYMENT_TARGET = 9.3;
				MTL_ENABLE_DEBUG_INFO = NO;
				SDKROOT = iphoneos;
				TARGETED_DEVICE_FAMILY = "1,2";
				VALIDATE_PRODUCT = YES;
			};
			name = Release;
		};
		78E0F12A1D62CB6500B42D75 /* Debug */ = {
			isa = XCBuildConfiguration;
			baseConfigurationReference = 21972A35C71346ACC739E62D /* Pods-SingerView.debug.xcconfig */;
			buildSettings = {
				ASSETCATALOG_COMPILER_APPICON_NAME = AppIcon;
				CODE_SIGN_IDENTITY = "iPhone Developer";
				"CODE_SIGN_IDENTITY[sdk=iphoneos*]" = "iPhone Developer";
				EMBEDDED_CONTENT_CONTAINS_SWIFT = YES;
				FRAMEWORK_SEARCH_PATHS = (
					"$(inherited)",
					"$(PROJECT_DIR)/SingerView/CommonModule/GoogleMobileAdsSdkiOS",
				);
				INFOPLIST_FILE = SingerView/Info.plist;
				IPHONEOS_DEPLOYMENT_TARGET = 8.0;
				LD_RUNPATH_SEARCH_PATHS = "$(inherited) @executable_path/Frameworks";
				PRODUCT_BUNDLE_IDENTIFIER = com.mangonob.temp;
				PRODUCT_NAME = "$(TARGET_NAME)";
				PROVISIONING_PROFILE = "";
				SWIFT_OBJC_BRIDGING_HEADER = SingerView/Bridge.h;
			};
			name = Debug;
		};
		78E0F12B1D62CB6500B42D75 /* Release */ = {
			isa = XCBuildConfiguration;
			baseConfigurationReference = 578D20BFA164388323BA072E /* Pods-SingerView.release.xcconfig */;
			buildSettings = {
				ASSETCATALOG_COMPILER_APPICON_NAME = AppIcon;
				CODE_SIGN_IDENTITY = "iPhone Developer";
				"CODE_SIGN_IDENTITY[sdk=iphoneos*]" = "iPhone Developer";
				EMBEDDED_CONTENT_CONTAINS_SWIFT = YES;
				FRAMEWORK_SEARCH_PATHS = (
					"$(inherited)",
					"$(PROJECT_DIR)/SingerView/CommonModule/GoogleMobileAdsSdkiOS",
				);
				INFOPLIST_FILE = SingerView/Info.plist;
				IPHONEOS_DEPLOYMENT_TARGET = 8.0;
				LD_RUNPATH_SEARCH_PATHS = "$(inherited) @executable_path/Frameworks";
				PRODUCT_BUNDLE_IDENTIFIER = com.mangonob.temp;
				PRODUCT_NAME = "$(TARGET_NAME)";
				PROVISIONING_PROFILE = "";
				SWIFT_OBJC_BRIDGING_HEADER = SingerView/Bridge.h;
			};
			name = Release;
		};
/* End XCBuildConfiguration section */

/* Begin XCConfigurationList section */
		78E0F1121D62CB6400B42D75 /* Build configuration list for PBXProject "SingerView" */ = {
			isa = XCConfigurationList;
			buildConfigurations = (
				78E0F1271D62CB6500B42D75 /* Debug */,
				78E0F1281D62CB6500B42D75 /* Release */,
			);
			defaultConfigurationIsVisible = 0;
			defaultConfigurationName = Release;
		};
		78E0F1291D62CB6500B42D75 /* Build configuration list for PBXNativeTarget "SingerView" */ = {
			isa = XCConfigurationList;
			buildConfigurations = (
				78E0F12A1D62CB6500B42D75 /* Debug */,
				78E0F12B1D62CB6500B42D75 /* Release */,
			);
			defaultConfigurationIsVisible = 0;
			defaultConfigurationName = Release;
		};
/* End XCConfigurationList section */
	};
	rootObject = 78E0F10F1D62CB6400B42D75 /* Project object */;
}
